// !$*UTF8*$!
{
	archiveVersion = 1;
	classes = {
	};
	objectVersion = 51;
	objects = {

/* Begin PBXBuildFile section */
		7593BA3C02636BB0CDE828C2 /* Pods_ChatApp.framework in Frameworks */ = {isa = PBXBuildFile; fileRef = 4E72F6AC59993AC4CEA81169 /* Pods_ChatApp.framework */; };
		DC4B1C9F25442D0400D7DD64 /* AppDelegate.swift in Sources */ = {isa = PBXBuildFile; fileRef = DC4B1C9E25442D0400D7DD64 /* AppDelegate.swift */; };
		DC4B1CA125442D0400D7DD64 /* SceneDelegate.swift in Sources */ = {isa = PBXBuildFile; fileRef = DC4B1CA025442D0400D7DD64 /* SceneDelegate.swift */; };
		DC4B1CA325442D0400D7DD64 /* ViewController.swift in Sources */ = {isa = PBXBuildFile; fileRef = DC4B1CA225442D0400D7DD64 /* ViewController.swift */; };
		DC4B1CA625442D0400D7DD64 /* Main.storyboard in Resources */ = {isa = PBXBuildFile; fileRef = DC4B1CA425442D0400D7DD64 /* Main.storyboard */; };
		DC4B1CA825442D0A00D7DD64 /* Assets.xcassets in Resources */ = {isa = PBXBuildFile; fileRef = DC4B1CA725442D0A00D7DD64 /* Assets.xcassets */; };
		DC4B1CAB25442D0A00D7DD64 /* LaunchScreen.storyboard in Resources */ = {isa = PBXBuildFile; fileRef = DC4B1CA925442D0A00D7DD64 /* LaunchScreen.storyboard */; };
		DC4B1CBA25442F3100D7DD64 /* ConversationsController.swift in Sources */ = {isa = PBXBuildFile; fileRef = DC4B1CB925442F3100D7DD64 /* ConversationsController.swift */; };
		DC4B1CBD2544404B00D7DD64 /* LoginController.swift in Sources */ = {isa = PBXBuildFile; fileRef = DC4B1CBC2544404B00D7DD64 /* LoginController.swift */; };
		DC4B1CBF2544406B00D7DD64 /* RegistrationController.swift in Sources */ = {isa = PBXBuildFile; fileRef = DC4B1CBE2544406B00D7DD64 /* RegistrationController.swift */; };
		DC4B1CC12544477800D7DD64 /* Extensions.swift in Sources */ = {isa = PBXBuildFile; fileRef = DC4B1CC02544477800D7DD64 /* Extensions.swift */; };
		DC4B1CC32544606800D7DD64 /* InputContainerView.swift in Sources */ = {isa = PBXBuildFile; fileRef = DC4B1CC22544606800D7DD64 /* InputContainerView.swift */; };
		DC4B1CC52544674300D7DD64 /* CustomTextField.swift in Sources */ = {isa = PBXBuildFile; fileRef = DC4B1CC42544674300D7DD64 /* CustomTextField.swift */; };
		DC4B1CC725486BD800D7DD64 /* LoginViewModel.swift in Sources */ = {isa = PBXBuildFile; fileRef = DC4B1CC625486BD800D7DD64 /* LoginViewModel.swift */; };
		DC4B1CC92548803C00D7DD64 /* RegistrationViewModel.swift in Sources */ = {isa = PBXBuildFile; fileRef = DC4B1CC82548803C00D7DD64 /* RegistrationViewModel.swift */; };
		DC4B1CCC2549B92E00D7DD64 /* GoogleService-Info.plist in Resources */ = {isa = PBXBuildFile; fileRef = DC4B1CCB2549B92E00D7DD64 /* GoogleService-Info.plist */; };
		DC4B1CCE254ABCD700D7DD64 /* AuthService.swift in Sources */ = {isa = PBXBuildFile; fileRef = DC4B1CCD254ABCD700D7DD64 /* AuthService.swift */; };
		DC4B1CD0254ADBE200D7DD64 /* NewMessageController.swift in Sources */ = {isa = PBXBuildFile; fileRef = DC4B1CCF254ADBE200D7DD64 /* NewMessageController.swift */; };
/* End PBXBuildFile section */

/* Begin PBXFileReference section */
		0CBDE667F7BC2D86FAB79438 /* Pods-ChatApp.release.xcconfig */ = {isa = PBXFileReference; includeInIndex = 1; lastKnownFileType = text.xcconfig; name = "Pods-ChatApp.release.xcconfig"; path = "Target Support Files/Pods-ChatApp/Pods-ChatApp.release.xcconfig"; sourceTree = "<group>"; };
		4E72F6AC59993AC4CEA81169 /* Pods_ChatApp.framework */ = {isa = PBXFileReference; explicitFileType = wrapper.framework; includeInIndex = 0; path = Pods_ChatApp.framework; sourceTree = BUILT_PRODUCTS_DIR; };
		C9BC9AC19C5636ED6C739822 /* Pods-ChatApp.debug.xcconfig */ = {isa = PBXFileReference; includeInIndex = 1; lastKnownFileType = text.xcconfig; name = "Pods-ChatApp.debug.xcconfig"; path = "Target Support Files/Pods-ChatApp/Pods-ChatApp.debug.xcconfig"; sourceTree = "<group>"; };
		DC4B1C9B25442D0400D7DD64 /* ChatApp.app */ = {isa = PBXFileReference; explicitFileType = wrapper.application; includeInIndex = 0; path = ChatApp.app; sourceTree = BUILT_PRODUCTS_DIR; };
		DC4B1C9E25442D0400D7DD64 /* AppDelegate.swift */ = {isa = PBXFileReference; lastKnownFileType = sourcecode.swift; path = AppDelegate.swift; sourceTree = "<group>"; };
		DC4B1CA025442D0400D7DD64 /* SceneDelegate.swift */ = {isa = PBXFileReference; lastKnownFileType = sourcecode.swift; path = SceneDelegate.swift; sourceTree = "<group>"; };
		DC4B1CA225442D0400D7DD64 /* ViewController.swift */ = {isa = PBXFileReference; lastKnownFileType = sourcecode.swift; path = ViewController.swift; sourceTree = "<group>"; };
		DC4B1CA525442D0400D7DD64 /* Base */ = {isa = PBXFileReference; lastKnownFileType = file.storyboard; name = Base; path = Base.lproj/Main.storyboard; sourceTree = "<group>"; };
		DC4B1CA725442D0A00D7DD64 /* Assets.xcassets */ = {isa = PBXFileReference; lastKnownFileType = folder.assetcatalog; path = Assets.xcassets; sourceTree = "<group>"; };
		DC4B1CAA25442D0A00D7DD64 /* Base */ = {isa = PBXFileReference; lastKnownFileType = file.storyboard; name = Base; path = Base.lproj/LaunchScreen.storyboard; sourceTree = "<group>"; };
		DC4B1CAC25442D0A00D7DD64 /* Info.plist */ = {isa = PBXFileReference; lastKnownFileType = text.plist.xml; path = Info.plist; sourceTree = "<group>"; };
		DC4B1CB925442F3100D7DD64 /* ConversationsController.swift */ = {isa = PBXFileReference; lastKnownFileType = sourcecode.swift; path = ConversationsController.swift; sourceTree = "<group>"; };
		DC4B1CBC2544404B00D7DD64 /* LoginController.swift */ = {isa = PBXFileReference; lastKnownFileType = sourcecode.swift; path = LoginController.swift; sourceTree = "<group>"; };
		DC4B1CBE2544406B00D7DD64 /* RegistrationController.swift */ = {isa = PBXFileReference; lastKnownFileType = sourcecode.swift; path = RegistrationController.swift; sourceTree = "<group>"; };
		DC4B1CC02544477800D7DD64 /* Extensions.swift */ = {isa = PBXFileReference; fileEncoding = 4; lastKnownFileType = sourcecode.swift; path = Extensions.swift; sourceTree = SOURCE_ROOT; };
		DC4B1CC22544606800D7DD64 /* InputContainerView.swift */ = {isa = PBXFileReference; lastKnownFileType = sourcecode.swift; path = InputContainerView.swift; sourceTree = "<group>"; };
		DC4B1CC42544674300D7DD64 /* CustomTextField.swift */ = {isa = PBXFileReference; lastKnownFileType = sourcecode.swift; path = CustomTextField.swift; sourceTree = "<group>"; };
		DC4B1CC625486BD800D7DD64 /* LoginViewModel.swift */ = {isa = PBXFileReference; lastKnownFileType = sourcecode.swift; path = LoginViewModel.swift; sourceTree = "<group>"; };
		DC4B1CC82548803C00D7DD64 /* RegistrationViewModel.swift */ = {isa = PBXFileReference; lastKnownFileType = sourcecode.swift; path = RegistrationViewModel.swift; sourceTree = "<group>"; };
		DC4B1CCB2549B92E00D7DD64 /* GoogleService-Info.plist */ = {isa = PBXFileReference; lastKnownFileType = text.plist; path = "GoogleService-Info.plist"; sourceTree = SOURCE_ROOT; };
		DC4B1CCD254ABCD700D7DD64 /* AuthService.swift */ = {isa = PBXFileReference; lastKnownFileType = sourcecode.swift; path = AuthService.swift; sourceTree = "<group>"; };
		DC4B1CCF254ADBE200D7DD64 /* NewMessageController.swift */ = {isa = PBXFileReference; lastKnownFileType = sourcecode.swift; path = NewMessageController.swift; sourceTree = "<group>"; };
/* End PBXFileReference section */

/* Begin PBXFrameworksBuildPhase section */
		DC4B1C9825442D0400D7DD64 /* Frameworks */ = {
			isa = PBXFrameworksBuildPhase;
			buildActionMask = 2147483647;
			files = (
				7593BA3C02636BB0CDE828C2 /* Pods_ChatApp.framework in Frameworks */,
			);
			runOnlyForDeploymentPostprocessing = 0;
		};
/* End PBXFrameworksBuildPhase section */

/* Begin PBXGroup section */
		DC4B1C9225442D0400D7DD64 = {
			isa = PBXGroup;
			children = (
				DC4B1C9D25442D0400D7DD64 /* ChatApp */,
				DC4B1C9C25442D0400D7DD64 /* Products */,
				DD1DF747869599E818D54BAB /* Pods */,
				DC6D7AFBE46073556287A4CE /* Frameworks */,
			);
			sourceTree = "<group>";
		};
		DC4B1C9C25442D0400D7DD64 /* Products */ = {
			isa = PBXGroup;
			children = (
				DC4B1C9B25442D0400D7DD64 /* ChatApp.app */,
			);
			name = Products;
			sourceTree = "<group>";
		};
		DC4B1C9D25442D0400D7DD64 /* ChatApp */ = {
			isa = PBXGroup;
			children = (
				DC4B1CB825442E2500D7DD64 /* Model */,
				DC4B1CB725442E2300D7DD64 /* View */,
				DC4B1CB625442E2100D7DD64 /* ViewModel */,
				DC4B1CB525442E2000D7DD64 /* Controller */,
				DC4B1CB425442E1E00D7DD64 /* API */,
				DC4B1CB225442E0E00D7DD64 /* Utils */,
				DC4B1C9E25442D0400D7DD64 /* AppDelegate.swift */,
				DC4B1CA025442D0400D7DD64 /* SceneDelegate.swift */,
				DC4B1CA225442D0400D7DD64 /* ViewController.swift */,
				DC4B1CA425442D0400D7DD64 /* Main.storyboard */,
				DC4B1CA725442D0A00D7DD64 /* Assets.xcassets */,
				DC4B1CA925442D0A00D7DD64 /* LaunchScreen.storyboard */,
				DC4B1CCB2549B92E00D7DD64 /* GoogleService-Info.plist */,
				DC4B1CAC25442D0A00D7DD64 /* Info.plist */,
			);
			path = ChatApp;
			sourceTree = "<group>";
		};
		DC4B1CB225442E0E00D7DD64 /* Utils */ = {
			isa = PBXGroup;
			children = (
				DC4B1CC02544477800D7DD64 /* Extensions.swift */,
			);
			path = Utils;
			sourceTree = "<group>";
		};
		DC4B1CB425442E1E00D7DD64 /* API */ = {
			isa = PBXGroup;
			children = (
				DC4B1CCD254ABCD700D7DD64 /* AuthService.swift */,
			);
			path = API;
			sourceTree = "<group>";
		};
		DC4B1CB525442E2000D7DD64 /* Controller */ = {
			isa = PBXGroup;
			children = (
				DC4B1CBB2544403000D7DD64 /* Authentication */,
				DC4B1CB925442F3100D7DD64 /* ConversationsController.swift */,
				DC4B1CCF254ADBE200D7DD64 /* NewMessageController.swift */,
			);
			path = Controller;
			sourceTree = "<group>";
		};
		DC4B1CB625442E2100D7DD64 /* ViewModel */ = {
			isa = PBXGroup;
			children = (
				DC4B1CCA2548805900D7DD64 /* Authentication */,
			);
			path = ViewModel;
			sourceTree = "<group>";
		};
		DC4B1CB725442E2300D7DD64 /* View */ = {
			isa = PBXGroup;
			children = (
				DC4B1CC22544606800D7DD64 /* InputContainerView.swift */,
				DC4B1CC42544674300D7DD64 /* CustomTextField.swift */,
			);
			path = View;
			sourceTree = "<group>";
		};
		DC4B1CB825442E2500D7DD64 /* Model */ = {
			isa = PBXGroup;
			children = (
			);
			path = Model;
			sourceTree = "<group>";
		};
		DC4B1CBB2544403000D7DD64 /* Authentication */ = {
			isa = PBXGroup;
			children = (
				DC4B1CBC2544404B00D7DD64 /* LoginController.swift */,
				DC4B1CBE2544406B00D7DD64 /* RegistrationController.swift */,
			);
			path = Authentication;
			sourceTree = "<group>";
		};
		DC4B1CCA2548805900D7DD64 /* Authentication */ = {
			isa = PBXGroup;
			children = (
				DC4B1CC625486BD800D7DD64 /* LoginViewModel.swift */,
				DC4B1CC82548803C00D7DD64 /* RegistrationViewModel.swift */,
			);
			path = Authentication;
			sourceTree = "<group>";
		};
		DC6D7AFBE46073556287A4CE /* Frameworks */ = {
			isa = PBXGroup;
			children = (
				4E72F6AC59993AC4CEA81169 /* Pods_ChatApp.framework */,
			);
			name = Frameworks;
			sourceTree = "<group>";
		};
		DD1DF747869599E818D54BAB /* Pods */ = {
			isa = PBXGroup;
			children = (
				C9BC9AC19C5636ED6C739822 /* Pods-ChatApp.debug.xcconfig */,
				0CBDE667F7BC2D86FAB79438 /* Pods-ChatApp.release.xcconfig */,
			);
			path = Pods;
			sourceTree = "<group>";
		};
/* End PBXGroup section */

/* Begin PBXNativeTarget section */
		DC4B1C9A25442D0400D7DD64 /* ChatApp */ = {
			isa = PBXNativeTarget;
			buildConfigurationList = DC4B1CAF25442D0A00D7DD64 /* Build configuration list for PBXNativeTarget "ChatApp" */;
			buildPhases = (
				B47A2868074A48C28110805C /* [CP] Check Pods Manifest.lock */,
				DC4B1C9725442D0400D7DD64 /* Sources */,
				DC4B1C9825442D0400D7DD64 /* Frameworks */,
				DC4B1C9925442D0400D7DD64 /* Resources */,
				722B2351A436304F672BF254 /* [CP] Embed Pods Frameworks */,
			);
			buildRules = (
			);
			dependencies = (
			);
			name = ChatApp;
			productName = ChatApp;
			productReference = DC4B1C9B25442D0400D7DD64 /* ChatApp.app */;
			productType = "com.apple.product-type.application";
		};
/* End PBXNativeTarget section */

/* Begin PBXProject section */
		DC4B1C9325442D0400D7DD64 /* Project object */ = {
			isa = PBXProject;
			attributes = {
				LastSwiftUpdateCheck = 1130;
				LastUpgradeCheck = 1130;
				ORGANIZATIONNAME = "Filip Krzyzanowski";
				TargetAttributes = {
					DC4B1C9A25442D0400D7DD64 = {
						CreatedOnToolsVersion = 11.3;
					};
				};
			};
			buildConfigurationList = DC4B1C9625442D0400D7DD64 /* Build configuration list for PBXProject "ChatApp" */;
			compatibilityVersion = "Xcode 9.3";
			developmentRegion = en;
			hasScannedForEncodings = 0;
			knownRegions = (
				en,
				Base,
			);
			mainGroup = DC4B1C9225442D0400D7DD64;
			productRefGroup = DC4B1C9C25442D0400D7DD64 /* Products */;
			projectDirPath = "";
			projectRoot = "";
			targets = (
				DC4B1C9A25442D0400D7DD64 /* ChatApp */,
			);
		};
/* End PBXProject section */

/* Begin PBXResourcesBuildPhase section */
		DC4B1C9925442D0400D7DD64 /* Resources */ = {
			isa = PBXResourcesBuildPhase;
			buildActionMask = 2147483647;
			files = (
				DC4B1CAB25442D0A00D7DD64 /* LaunchScreen.storyboard in Resources */,
				DC4B1CCC2549B92E00D7DD64 /* GoogleService-Info.plist in Resources */,
				DC4B1CA825442D0A00D7DD64 /* Assets.xcassets in Resources */,
				DC4B1CA625442D0400D7DD64 /* Main.storyboard in Resources */,
			);
			runOnlyForDeploymentPostprocessing = 0;
		};
/* End PBXResourcesBuildPhase section */

/* Begin PBXShellScriptBuildPhase section */
		722B2351A436304F672BF254 /* [CP] Embed Pods Frameworks */ = {
			isa = PBXShellScriptBuildPhase;
			buildActionMask = 2147483647;
			files = (
			);
			inputFileListPaths = (
				"${PODS_ROOT}/Target Support Files/Pods-ChatApp/Pods-ChatApp-frameworks-${CONFIGURATION}-input-files.xcfilelist",
			);
			name = "[CP] Embed Pods Frameworks";
			outputFileListPaths = (
				"${PODS_ROOT}/Target Support Files/Pods-ChatApp/Pods-ChatApp-frameworks-${CONFIGURATION}-output-files.xcfilelist",
			);
			runOnlyForDeploymentPostprocessing = 0;
			shellPath = /bin/sh;
			shellScript = "\"${PODS_ROOT}/Target Support Files/Pods-ChatApp/Pods-ChatApp-frameworks.sh\"\n";
			showEnvVarsInLog = 0;
		};
		B47A2868074A48C28110805C /* [CP] Check Pods Manifest.lock */ = {
			isa = PBXShellScriptBuildPhase;
			buildActionMask = 2147483647;
			files = (
			);
			inputFileListPaths = (
			);
			inputPaths = (
				"${PODS_PODFILE_DIR_PATH}/Podfile.lock",
				"${PODS_ROOT}/Manifest.lock",
			);
			name = "[CP] Check Pods Manifest.lock";
			outputFileListPaths = (
			);
			outputPaths = (
				"$(DERIVED_FILE_DIR)/Pods-ChatApp-checkManifestLockResult.txt",
			);
			runOnlyForDeploymentPostprocessing = 0;
			shellPath = /bin/sh;
			shellScript = "diff \"${PODS_PODFILE_DIR_PATH}/Podfile.lock\" \"${PODS_ROOT}/Manifest.lock\" > /dev/null\nif [ $? != 0 ] ; then\n    # print error to STDERR\n    echo \"error: The sandbox is not in sync with the Podfile.lock. Run 'pod install' or update your CocoaPods installation.\" >&2\n    exit 1\nfi\n# This output is used by Xcode 'outputs' to avoid re-running this script phase.\necho \"SUCCESS\" > \"${SCRIPT_OUTPUT_FILE_0}\"\n";
			showEnvVarsInLog = 0;
		};
/* End PBXShellScriptBuildPhase section */

/* Begin PBXSourcesBuildPhase section */
		DC4B1C9725442D0400D7DD64 /* Sources */ = {
			isa = PBXSourcesBuildPhase;
			buildActionMask = 2147483647;
			files = (
				DC4B1CA325442D0400D7DD64 /* ViewController.swift in Sources */,
				DC4B1CC92548803C00D7DD64 /* RegistrationViewModel.swift in Sources */,
				DC4B1CC32544606800D7DD64 /* InputContainerView.swift in Sources */,
				DC4B1CCE254ABCD700D7DD64 /* AuthService.swift in Sources */,
				DC4B1C9F25442D0400D7DD64 /* AppDelegate.swift in Sources */,
				DC4B1CBA25442F3100D7DD64 /* ConversationsController.swift in Sources */,
				DC4B1CA125442D0400D7DD64 /* SceneDelegate.swift in Sources */,
				DC4B1CBF2544406B00D7DD64 /* RegistrationController.swift in Sources */,
				DC4B1CBD2544404B00D7DD64 /* LoginController.swift in Sources */,
				DC4B1CC12544477800D7DD64 /* Extensions.swift in Sources */,
				DC4B1CC725486BD800D7DD64 /* LoginViewModel.swift in Sources */,
				DC4B1CC52544674300D7DD64 /* CustomTextField.swift in Sources */,
				DC4B1CD0254ADBE200D7DD64 /* NewMessageController.swift in Sources */,
			);
			runOnlyForDeploymentPostprocessing = 0;
		};
/* End PBXSourcesBuildPhase section */

/* Begin PBXVariantGroup section */
		DC4B1CA425442D0400D7DD64 /* Main.storyboard */ = {
			isa = PBXVariantGroup;
			children = (
				DC4B1CA525442D0400D7DD64 /* Base */,
			);
			name = Main.storyboard;
			sourceTree = "<group>";
		};
		DC4B1CA925442D0A00D7DD64 /* LaunchScreen.storyboard */ = {
			isa = PBXVariantGroup;
			children = (
				DC4B1CAA25442D0A00D7DD64 /* Base */,
			);
			name = LaunchScreen.storyboard;
			sourceTree = "<group>";
		};
/* End PBXVariantGroup section */

/* Begin XCBuildConfiguration section */
		DC4B1CAD25442D0A00D7DD64 /* Debug */ = {
			isa = XCBuildConfiguration;
			buildSettings = {
				ALWAYS_SEARCH_USER_PATHS = NO;
				CLANG_ANALYZER_NONNULL = YES;
				CLANG_ANALYZER_NUMBER_OBJECT_CONVERSION = YES_AGGRESSIVE;
				CLANG_CXX_LANGUAGE_STANDARD = "gnu++14";
				CLANG_CXX_LIBRARY = "libc++";
				CLANG_ENABLE_MODULES = YES;
				CLANG_ENABLE_OBJC_ARC = YES;
				CLANG_ENABLE_OBJC_WEAK = YES;
				CLANG_WARN_BLOCK_CAPTURE_AUTORELEASING = YES;
				CLANG_WARN_BOOL_CONVERSION = YES;
				CLANG_WARN_COMMA = YES;
				CLANG_WARN_CONSTANT_CONVERSION = YES;
				CLANG_WARN_DEPRECATED_OBJC_IMPLEMENTATIONS = YES;
				CLANG_WARN_DIRECT_OBJC_ISA_USAGE = YES_ERROR;
				CLANG_WARN_DOCUMENTATION_COMMENTS = YES;
				CLANG_WARN_EMPTY_BODY = YES;
				CLANG_WARN_ENUM_CONVERSION = YES;
				CLANG_WARN_INFINITE_RECURSION = YES;
				CLANG_WARN_INT_CONVERSION = YES;
				CLANG_WARN_NON_LITERAL_NULL_CONVERSION = YES;
				CLANG_WARN_OBJC_IMPLICIT_RETAIN_SELF = YES;
				CLANG_WARN_OBJC_LITERAL_CONVERSION = YES;
				CLANG_WARN_OBJC_ROOT_CLASS = YES_ERROR;
				CLANG_WARN_RANGE_LOOP_ANALYSIS = YES;
				CLANG_WARN_STRICT_PROTOTYPES = YES;
				CLANG_WARN_SUSPICIOUS_MOVE = YES;
				CLANG_WARN_UNGUARDED_AVAILABILITY = YES_AGGRESSIVE;
				CLANG_WARN_UNREACHABLE_CODE = YES;
				CLANG_WARN__DUPLICATE_METHOD_MATCH = YES;
				COPY_PHASE_STRIP = NO;
				DEBUG_INFORMATION_FORMAT = dwarf;
				ENABLE_STRICT_OBJC_MSGSEND = YES;
				ENABLE_TESTABILITY = YES;
				GCC_C_LANGUAGE_STANDARD = gnu11;
				GCC_DYNAMIC_NO_PIC = NO;
				GCC_NO_COMMON_BLOCKS = YES;
				GCC_OPTIMIZATION_LEVEL = 0;
				GCC_PREPROCESSOR_DEFINITIONS = (
					"DEBUG=1",
					"$(inherited)",
				);
				GCC_WARN_64_TO_32_BIT_CONVERSION = YES;
				GCC_WARN_ABOUT_RETURN_TYPE = YES_ERROR;
				GCC_WARN_UNDECLARED_SELECTOR = YES;
				GCC_WARN_UNINITIALIZED_AUTOS = YES_AGGRESSIVE;
				GCC_WARN_UNUSED_FUNCTION = YES;
				GCC_WARN_UNUSED_VARIABLE = YES;
				IPHONEOS_DEPLOYMENT_TARGET = 13.2;
				MTL_ENABLE_DEBUG_INFO = INCLUDE_SOURCE;
				MTL_FAST_MATH = YES;
				ONLY_ACTIVE_ARCH = YES;
				SDKROOT = iphoneos;
				SWIFT_ACTIVE_COMPILATION_CONDITIONS = DEBUG;
				SWIFT_OPTIMIZATION_LEVEL = "-Onone";
			};
			name = Debug;
		};
		DC4B1CAE25442D0A00D7DD64 /* Release */ = {
			isa = XCBuildConfiguration;
			buildSettings = {
				ALWAYS_SEARCH_USER_PATHS = NO;
				CLANG_ANALYZER_NONNULL = YES;
				CLANG_ANALYZER_NUMBER_OBJECT_CONVERSION = YES_AGGRESSIVE;
				CLANG_CXX_LANGUAGE_STANDARD = "gnu++14";
				CLANG_CXX_LIBRARY = "libc++";
				CLANG_ENABLE_MODULES = YES;
				CLANG_ENABLE_OBJC_ARC = YES;
				CLANG_ENABLE_OBJC_WEAK = YES;
				CLANG_WARN_BLOCK_CAPTURE_AUTORELEASING = YES;
				CLANG_WARN_BOOL_CONVERSION = YES;
				CLANG_WARN_COMMA = YES;
				CLANG_WARN_CONSTANT_CONVERSION = YES;
				CLANG_WARN_DEPRECATED_OBJC_IMPLEMENTATIONS = YES;
				CLANG_WARN_DIRECT_OBJC_ISA_USAGE = YES_ERROR;
				CLANG_WARN_DOCUMENTATION_COMMENTS = YES;
				CLANG_WARN_EMPTY_BODY = YES;
				CLANG_WARN_ENUM_CONVERSION = YES;
				CLANG_WARN_INFINITE_RECURSION = YES;
				CLANG_WARN_INT_CONVERSION = YES;
				CLANG_WARN_NON_LITERAL_NULL_CONVERSION = YES;
				CLANG_WARN_OBJC_IMPLICIT_RETAIN_SELF = YES;
				CLANG_WARN_OBJC_LITERAL_CONVERSION = YES;
				CLANG_WARN_OBJC_ROOT_CLASS = YES_ERROR;
				CLANG_WARN_RANGE_LOOP_ANALYSIS = YES;
				CLANG_WARN_STRICT_PROTOTYPES = YES;
				CLANG_WARN_SUSPICIOUS_MOVE = YES;
				CLANG_WARN_UNGUARDED_AVAILABILITY = YES_AGGRESSIVE;
				CLANG_WARN_UNREACHABLE_CODE = YES;
				CLANG_WARN__DUPLICATE_METHOD_MATCH = YES;
				COPY_PHASE_STRIP = NO;
				DEBUG_INFORMATION_FORMAT = "dwarf-with-dsym";
				ENABLE_NS_ASSERTIONS = NO;
				ENABLE_STRICT_OBJC_MSGSEND = YES;
				GCC_C_LANGUAGE_STANDARD = gnu11;
				GCC_NO_COMMON_BLOCKS = YES;
				GCC_WARN_64_TO_32_BIT_CONVERSION = YES;
				GCC_WARN_ABOUT_RETURN_TYPE = YES_ERROR;
				GCC_WARN_UNDECLARED_SELECTOR = YES;
				GCC_WARN_UNINITIALIZED_AUTOS = YES_AGGRESSIVE;
				GCC_WARN_UNUSED_FUNCTION = YES;
				GCC_WARN_UNUSED_VARIABLE = YES;
				IPHONEOS_DEPLOYMENT_TARGET = 13.2;
				MTL_ENABLE_DEBUG_INFO = NO;
				MTL_FAST_MATH = YES;
				SDKROOT = iphoneos;
				SWIFT_COMPILATION_MODE = wholemodule;
				SWIFT_OPTIMIZATION_LEVEL = "-O";
				VALIDATE_PRODUCT = YES;
			};
			name = Release;
		};
		DC4B1CB025442D0A00D7DD64 /* Debug */ = {
			isa = XCBuildConfiguration;
			baseConfigurationReference = C9BC9AC19C5636ED6C739822 /* Pods-ChatApp.debug.xcconfig */;
			buildSettings = {
				ASSETCATALOG_COMPILER_APPICON_NAME = AppIcon;
				CODE_SIGN_STYLE = Automatic;
				DEVELOPMENT_TEAM = 3378LL69RZ;
				INFOPLIST_FILE = ChatApp/Info.plist;
				LD_RUNPATH_SEARCH_PATHS = (
					"$(inherited)",
					"@executable_path/Frameworks",
				);
				PRODUCT_BUNDLE_IDENTIFIER = com.filipkrzyzanowski.ChatApp;
				PRODUCT_NAME = "$(TARGET_NAME)";
				SWIFT_VERSION = 5.0;
				TARGETED_DEVICE_FAMILY = "1,2";
			};
			name = Debug;
		};
		DC4B1CB125442D0A00D7DD64 /* Release */ = {
			isa = XCBuildConfiguration;
			baseConfigurationReference = 0CBDE667F7BC2D86FAB79438 /* Pods-ChatApp.release.xcconfig */;
			buildSettings = {
				ASSETCATALOG_COMPILER_APPICON_NAME = AppIcon;
				CODE_SIGN_STYLE = Automatic;
				DEVELOPMENT_TEAM = 3378LL69RZ;
				INFOPLIST_FILE = ChatApp/Info.plist;
				LD_RUNPATH_SEARCH_PATHS = (
					"$(inherited)",
					"@executable_path/Frameworks",
				);
				PRODUCT_BUNDLE_IDENTIFIER = com.filipkrzyzanowski.ChatApp;
				PRODUCT_NAME = "$(TARGET_NAME)";
				SWIFT_VERSION = 5.0;
				TARGETED_DEVICE_FAMILY = "1,2";
			};
			name = Release;
		};
/* End XCBuildConfiguration section */

/* Begin XCConfigurationList section */
		DC4B1C9625442D0400D7DD64 /* Build configuration list for PBXProject "ChatApp" */ = {
			isa = XCConfigurationList;
			buildConfigurations = (
				DC4B1CAD25442D0A00D7DD64 /* Debug */,
				DC4B1CAE25442D0A00D7DD64 /* Release */,
			);
			defaultConfigurationIsVisible = 0;
			defaultConfigurationName = Release;
		};
		DC4B1CAF25442D0A00D7DD64 /* Build configuration list for PBXNativeTarget "ChatApp" */ = {
			isa = XCConfigurationList;
			buildConfigurations = (
				DC4B1CB025442D0A00D7DD64 /* Debug */,
				DC4B1CB125442D0A00D7DD64 /* Release */,
			);
			defaultConfigurationIsVisible = 0;
			defaultConfigurationName = Release;
		};
/* End XCConfigurationList section */
	};
	rootObject = DC4B1C9325442D0400D7DD64 /* Project object */;
}
